
Microsoft Visual Studio Solution File, Format Version 12.00
# Visual Studio Version 16
VisualStudioVersion = 16.0.30128.74
MinimumVisualStudioVersion = 10.0.40219.1
Project("{FAE04EC0-301F-11D3-BF4B-00C04F79EFBC}") = "KerasCatDogConsoleApp", "KerasCatDogConsoleApp\KerasCatDogConsoleApp.csproj", "{4F717EEA-4E14-4EE7-8016-BF43314EA064}"
EndProject
Global
	GlobalSection(SolutionConfigurationPlatforms) = preSolution
		Debug|Any CPU = Debug|Any CPU
		Release|Any CPU = Release|Any CPU
	EndGlobalSection
	GlobalSection(ProjectConfigurationPlatforms) = postSolution
		{4F717EEA-4E14-4EE7-8016-BF43314EA064}.Debug|Any CPU.ActiveCfg = Debug|Any CPU
		{4F717EEA-4E14-4EE7-8016-BF43314EA064}.Debug|Any CPU.Build.0 = Debug|Any CPU
		{4F717EEA-4E14-4EE7-8016-BF43314EA064}.Release|Any CPU.ActiveCfg = Release|Any CPU
		{4F717EEA-4E14-4EE7-8016-BF43314EA064}.Release|Any CPU.Build.0 = Release|Any CPU
	EndGlobalSection
	GlobalSection(SolutionProperties) = preSolution
		HideSolutionNode = FALSE
	EndGlobalSection
	GlobalSection(ExtensibilityGlobals) = postSolution
		SolutionGuid = {D99606DD-2E88-4051-88CF-6AA13F402FEE}
	EndGlobalSection
EndGlobal
